
Microsoft Visual Studio Solution File, Format Version 12.00
# Visual Studio 15
VisualStudioVersion = 15.0.27130.2024
MinimumVisualStudioVersion = 10.0.40219.1
Project("{8BC9CEB8-8B4A-11D0-8D11-00A0C91BC942}") = "IFT630.Final", "IFT630.Final\IFT630.Final.vcxproj", "{DAAFBA5A-3777-42A6-A7B2-76716CB85393}"
EndProject
Global
	GlobalSection(SolutionConfigurationPlatforms) = preSolution
		Debug|x64 = Debug|x64
		Debug|x86 = Debug|x86
		Release|x64 = Release|x64
		Release|x86 = Release|x86
	EndGlobalSection
	GlobalSection(ProjectConfigurationPlatforms) = postSolution
		{DAAFBA5A-3777-42A6-A7B2-76716CB85393}.Debug|x64.ActiveCfg = Debug|x64
		{DAAFBA5A-3777-42A6-A7B2-76716CB85393}.Debug|x64.Build.0 = Debug|x64
		{DAAFBA5A-3777-42A6-A7B2-76716CB85393}.Debug|x86.ActiveCfg = Debug|Win32
		{DAAFBA5A-3777-42A6-A7B2-76716CB85393}.Debug|x86.Build.0 = Debug|Win32
		{DAAFBA5A-3777-42A6-A7B2-76716CB85393}.Release|x64.ActiveCfg = Release|x64
		{DAAFBA5A-3777-42A6-A7B2-76716CB85393}.Release|x64.Build.0 = Release|x64
		{DAAFBA5A-3777-42A6-A7B2-76716CB85393}.Release|x86.ActiveCfg = Release|Win32
		{DAAFBA5A-3777-42A6-A7B2-76716CB85393}.Release|x86.Build.0 = Release|Win32
	EndGlobalSection
	GlobalSection(SolutionProperties) = preSolution
		HideSolutionNode = FALSE
	EndGlobalSection
	GlobalSection(ExtensibilityGlobals) = postSolution
		SolutionGuid = {238BF323-D4E4-4D4A-8859-D21B88BAD16B}
	EndGlobalSection
EndGlobal
